
Microsoft Visual Studio Solution File, Format Version 12.00
# Visual Studio Version 16
VisualStudioVersion = 16.0.31205.134
MinimumVisualStudioVersion = 10.0.40219.1
Project("{FAE04EC0-301F-11D3-BF4B-00C04F79EFBC}") = "Khai thác Udemy free", "Khai thác Udemy free\Khai thác Udemy free.csproj", "{01D4A0C0-D91C-48C9-BE9E-377A5F7E95C8}"
EndProject
Project("{FAE04EC0-301F-11D3-BF4B-00C04F79EFBC}") = "Test crawl", "Test crawl\Test crawl.csproj", "{3888EB83-BAEC-4986-A356-4699B1D8C6B9}"
EndProject
Project("{FAE04EC0-301F-11D3-BF4B-00C04F79EFBC}") = "Chia phần", "Chia phần\Chia phần.csproj", "{B070F699-8E7B-4444-87E1-1C10962E9EF5}"
EndProject
Global
	GlobalSection(SolutionConfigurationPlatforms) = preSolution
		Debug|Any CPU = Debug|Any CPU
		Debug|x64 = Debug|x64
		Release|Any CPU = Release|Any CPU
		Release|x64 = Release|x64
	EndGlobalSection
	GlobalSection(ProjectConfigurationPlatforms) = postSolution
		{01D4A0C0-D91C-48C9-BE9E-377A5F7E95C8}.Debug|Any CPU.ActiveCfg = Debug|Any CPU
		{01D4A0C0-D91C-48C9-BE9E-377A5F7E95C8}.Debug|Any CPU.Build.0 = Debug|Any CPU
		{01D4A0C0-D91C-48C9-BE9E-377A5F7E95C8}.Debug|x64.ActiveCfg = Debug|Any CPU
		{01D4A0C0-D91C-48C9-BE9E-377A5F7E95C8}.Debug|x64.Build.0 = Debug|Any CPU
		{01D4A0C0-D91C-48C9-BE9E-377A5F7E95C8}.Release|Any CPU.ActiveCfg = Release|Any CPU
		{01D4A0C0-D91C-48C9-BE9E-377A5F7E95C8}.Release|Any CPU.Build.0 = Release|Any CPU
		{01D4A0C0-D91C-48C9-BE9E-377A5F7E95C8}.Release|x64.ActiveCfg = Release|Any CPU
		{01D4A0C0-D91C-48C9-BE9E-377A5F7E95C8}.Release|x64.Build.0 = Release|Any CPU
		{3888EB83-BAEC-4986-A356-4699B1D8C6B9}.Debug|Any CPU.ActiveCfg = Debug|Any CPU
		{3888EB83-BAEC-4986-A356-4699B1D8C6B9}.Debug|Any CPU.Build.0 = Debug|Any CPU
		{3888EB83-BAEC-4986-A356-4699B1D8C6B9}.Debug|x64.ActiveCfg = Debug|Any CPU
		{3888EB83-BAEC-4986-A356-4699B1D8C6B9}.Debug|x64.Build.0 = Debug|Any CPU
		{3888EB83-BAEC-4986-A356-4699B1D8C6B9}.Release|Any CPU.ActiveCfg = Release|Any CPU
		{3888EB83-BAEC-4986-A356-4699B1D8C6B9}.Release|Any CPU.Build.0 = Release|Any CPU
		{3888EB83-BAEC-4986-A356-4699B1D8C6B9}.Release|x64.ActiveCfg = Release|Any CPU
		{3888EB83-BAEC-4986-A356-4699B1D8C6B9}.Release|x64.Build.0 = Release|Any CPU
		{B070F699-8E7B-4444-87E1-1C10962E9EF5}.Debug|Any CPU.ActiveCfg = Debug|Any CPU
		{B070F699-8E7B-4444-87E1-1C10962E9EF5}.Debug|Any CPU.Build.0 = Debug|Any CPU
		{B070F699-8E7B-4444-87E1-1C10962E9EF5}.Debug|x64.ActiveCfg = Debug|Any CPU
		{B070F699-8E7B-4444-87E1-1C10962E9EF5}.Debug|x64.Build.0 = Debug|Any CPU
		{B070F699-8E7B-4444-87E1-1C10962E9EF5}.Release|Any CPU.ActiveCfg = Release|Any CPU
		{B070F699-8E7B-4444-87E1-1C10962E9EF5}.Release|Any CPU.Build.0 = Release|Any CPU
		{B070F699-8E7B-4444-87E1-1C10962E9EF5}.Release|x64.ActiveCfg = Release|Any CPU
		{B070F699-8E7B-4444-87E1-1C10962E9EF5}.Release|x64.Build.0 = Release|Any CPU
	EndGlobalSection
	GlobalSection(SolutionProperties) = preSolution
		HideSolutionNode = FALSE
	EndGlobalSection
	GlobalSection(ExtensibilityGlobals) = postSolution
		SolutionGuid = {B9DD257B-E515-4B6D-98B8-EB67ADC4AC73}
	EndGlobalSection
EndGlobal
